
Microsoft Visual Studio Solution File, Format Version 12.00
# Visual Studio Version 17
VisualStudioVersion = 17.4.33103.184
MinimumVisualStudioVersion = 10.0.40219.1
Project("{FAE04EC0-301F-11D3-BF4B-00C04F79EFBC}") = "Georhythmic", "Georhythmic\Georhythmic.csproj", "{856D04C5-0493-41BE-B16B-3594D1D0639F}"
EndProject
Global
	GlobalSection(SolutionConfigurationPlatforms) = preSolution
		Debug|Any CPU = Debug|Any CPU
		Release|Any CPU = Release|Any CPU
	EndGlobalSection
	GlobalSection(ProjectConfigurationPlatforms) = postSolution
		{856D04C5-0493-41BE-B16B-3594D1D0639F}.Debug|Any CPU.ActiveCfg = Debug|Any CPU
		{856D04C5-0493-41BE-B16B-3594D1D0639F}.Debug|Any CPU.Build.0 = Debug|Any CPU
		{856D04C5-0493-41BE-B16B-3594D1D0639F}.Release|Any CPU.ActiveCfg = Release|Any CPU
		{856D04C5-0493-41BE-B16B-3594D1D0639F}.Release|Any CPU.Build.0 = Release|Any CPU
	EndGlobalSection
	GlobalSection(SolutionProperties) = preSolution
		HideSolutionNode = FALSE
	EndGlobalSection
	GlobalSection(ExtensibilityGlobals) = postSolution
		SolutionGuid = {DBC111C2-DC93-4E22-A7D6-D613F7F406A2}
	EndGlobalSection
EndGlobal
